{
  "name": "qx-contrib-mobileGrid",
  "version": "1.0.0",
  "lockfileVersion": 1,
  "requires": true,
  "dependencies": {
    "qooxdoo-sdk": {
      "version": "6.0.0-alpha-20180826",
      "resolved": "https://registry.npmjs.org/qooxdoo-sdk/-/qooxdoo-sdk-6.0.0-alpha-20180826.tgz",
      "integrity": "sha512-RsAwEKRXwm50qXpEtzUD5pCrGrenakDLCEC9kG+m4/XhB3xRr5744X7U9QQdG27BsPJtO1dLBoYI2YWtYIuhGg=="
    }
  }
}
